
Microsoft Visual Studio Solution File, Format Version 12.00
# Visual Studio Version 17
VisualStudioVersion = 17.0.31919.166
MinimumVisualStudioVersion = 10.0.40219.1
Project("{FAE04EC0-301F-11D3-BF4B-00C04F79EFBC}") = "SegurarseAPI", "SegurarseAPI\SegurarseAPI.csproj", "{D7B34873-452F-4FBD-A518-FE14D71A5B3A}"
EndProject
Global
	GlobalSection(SolutionConfigurationPlatforms) = preSolution
		Debug|Any CPU = Debug|Any CPU
		Release|Any CPU = Release|Any CPU
	EndGlobalSection
	GlobalSection(ProjectConfigurationPlatforms) = postSolution
		{D7B34873-452F-4FBD-A518-FE14D71A5B3A}.Debug|Any CPU.ActiveCfg = Debug|Any CPU
		{D7B34873-452F-4FBD-A518-FE14D71A5B3A}.Debug|Any CPU.Build.0 = Debug|Any CPU
		{D7B34873-452F-4FBD-A518-FE14D71A5B3A}.Release|Any CPU.ActiveCfg = Release|Any CPU
		{D7B34873-452F-4FBD-A518-FE14D71A5B3A}.Release|Any CPU.Build.0 = Release|Any CPU
	EndGlobalSection
	GlobalSection(SolutionProperties) = preSolution
		HideSolutionNode = FALSE
	EndGlobalSection
	GlobalSection(ExtensibilityGlobals) = postSolution
		SolutionGuid = {21AC91DD-08D6-4217-8CF3-11CF0BA47D9F}
	EndGlobalSection
EndGlobal
